{
  "pins" : [
    {
      "identity" : "realm-core",
      "kind" : "remoteSourceControl",
      "location" : "https://github.com/realm/realm-core.git",
      "state" : {
        "revision" : "e56380f05793998dfea0d87a34b68fdba475961c",
        "version" : "13.9.0"
      }
    },
    {
      "identity" : "realm-swift",
      "kind" : "remoteSourceControl",
      "location" : "https://github.com/realm/realm-swift.git",
      "state" : {
        "revision" : "71bddc82c4fe3dd6488739ff8b7e99f69183a614",
        "version" : "10.38.0"
      }
    },
    {
      "identity" : "resolver",
      "kind" : "remoteSourceControl",
      "location" : "https://github.com/hmlongco/Resolver",
      "state" : {
        "branch" : "master",
        "revision" : "c1c5ce3f7b567d3f813ca341087658cf13795918"
      }
    },
    {
      "identity" : "swiftui-wrapping-stack",
      "kind" : "remoteSourceControl",
      "location" : "https://github.com/diniska/swiftui-wrapping-stack",
      "state" : {
        "revision" : "1e6b0fffe902cf3ffc102af5e7c0c4767cbc09e0",
        "version" : "1.1.0"
      }
    }
  ],
  "version" : 2
}
