// !$*UTF8*$!
{
	archiveVersion = 1;
	classes = {
	};
	objectVersion = 55;
	objects = {

/* Begin PBXBuildFile section */
		F847F144296F5403009D9FA1 /* PeriodRepository.swift in Sources */ = {isa = PBXBuildFile; fileRef = F847F143296F5403009D9FA1 /* PeriodRepository.swift */; };
		F847F146296F55B2009D9FA1 /* PeriodDataModel.swift in Sources */ = {isa = PBXBuildFile; fileRef = F847F145296F55B2009D9FA1 /* PeriodDataModel.swift */; };
		F858F7B12998583700EDC251 /* FirebaseFirestore in Frameworks */ = {isa = PBXBuildFile; productRef = F858F7B02998583700EDC251 /* FirebaseFirestore */; };
		F858F7BB29985BCB00EDC251 /* FirebaseFirestoreSwift in Frameworks */ = {isa = PBXBuildFile; productRef = F858F7BA29985BCB00EDC251 /* FirebaseFirestoreSwift */; };
		F858F7BD29985D6D00EDC251 /* FirebaseAuth in Frameworks */ = {isa = PBXBuildFile; productRef = F858F7BC29985D6D00EDC251 /* FirebaseAuth */; };
		F858F7E72998F5BA00EDC251 /* libFirestoreInstance.a in Frameworks */ = {isa = PBXBuildFile; fileRef = F858F7E62998F5BA00EDC251 /* libFirestoreInstance.a */; };
		F8596F1528BFD3710029804E /* Core.framework in Frameworks */ = {isa = PBXBuildFile; fileRef = F8596F1428BFD3710029804E /* Core.framework */; };
		F8596F1628BFD3710029804E /* Core.framework in Embed Frameworks */ = {isa = PBXBuildFile; fileRef = F8596F1428BFD3710029804E /* Core.framework */; settings = {ATTRIBUTES = (CodeSignOnCopy, RemoveHeadersOnCopy, ); }; };
		F861667C29B33F5000526A17 /* TagDataModel.swift in Sources */ = {isa = PBXBuildFile; fileRef = F861667B29B33F5000526A17 /* TagDataModel.swift */; };
		F861668629B3537F00526A17 /* TagRepository.swift in Sources */ = {isa = PBXBuildFile; fileRef = F861668529B3537F00526A17 /* TagRepository.swift */; };
		F88862B629875C330000B0E9 /* PurchaseRepository.swift in Sources */ = {isa = PBXBuildFile; fileRef = F88862B529875C330000B0E9 /* PurchaseRepository.swift */; };
		F88862B829875C420000B0E9 /* PurchaseDataModel.swift in Sources */ = {isa = PBXBuildFile; fileRef = F88862B729875C420000B0E9 /* PurchaseDataModel.swift */; };
		F8F64D8E28BFC74B00CD55FE /* Persistence.framework in Frameworks */ = {isa = PBXBuildFile; fileRef = F8F64D8528BFC74B00CD55FE /* Persistence.framework */; };
		F8F64D9328BFC74B00CD55FE /* PersistenceTests.swift in Sources */ = {isa = PBXBuildFile; fileRef = F8F64D9228BFC74B00CD55FE /* PersistenceTests.swift */; };
/* End PBXBuildFile section */

/* Begin PBXContainerItemProxy section */
		F8F64D8F28BFC74B00CD55FE /* PBXContainerItemProxy */ = {
			isa = PBXContainerItemProxy;
			containerPortal = F8F64D7C28BFC74B00CD55FE /* Project object */;
			proxyType = 1;
			remoteGlobalIDString = F8F64D8428BFC74B00CD55FE;
			remoteInfo = Persistence;
		};
/* End PBXContainerItemProxy section */

/* Begin PBXCopyFilesBuildPhase section */
		F8F64DB428BFC85700CD55FE /* Embed Frameworks */ = {
			isa = PBXCopyFilesBuildPhase;
			buildActionMask = 2147483647;
			dstPath = "";
			dstSubfolderSpec = 10;
			files = (
				F8596F1628BFD3710029804E /* Core.framework in Embed Frameworks */,
			);
			name = "Embed Frameworks";
			runOnlyForDeploymentPostprocessing = 0;
		};
/* End PBXCopyFilesBuildPhase section */

/* Begin PBXFileReference section */
		F847F143296F5403009D9FA1 /* PeriodRepository.swift */ = {isa = PBXFileReference; lastKnownFileType = sourcecode.swift; path = PeriodRepository.swift; sourceTree = "<group>"; };
		F847F145296F55B2009D9FA1 /* PeriodDataModel.swift */ = {isa = PBXFileReference; lastKnownFileType = sourcecode.swift; path = PeriodDataModel.swift; sourceTree = "<group>"; };
		F858F7E62998F5BA00EDC251 /* libFirestoreInstance.a */ = {isa = PBXFileReference; explicitFileType = archive.ar; path = libFirestoreInstance.a; sourceTree = BUILT_PRODUCTS_DIR; };
		F8596F1428BFD3710029804E /* Core.framework */ = {isa = PBXFileReference; explicitFileType = wrapper.framework; path = Core.framework; sourceTree = BUILT_PRODUCTS_DIR; };
		F861667B29B33F5000526A17 /* TagDataModel.swift */ = {isa = PBXFileReference; lastKnownFileType = sourcecode.swift; path = TagDataModel.swift; sourceTree = "<group>"; };
		F861668529B3537F00526A17 /* TagRepository.swift */ = {isa = PBXFileReference; lastKnownFileType = sourcecode.swift; path = TagRepository.swift; sourceTree = "<group>"; };
		F88862B529875C330000B0E9 /* PurchaseRepository.swift */ = {isa = PBXFileReference; lastKnownFileType = sourcecode.swift; path = PurchaseRepository.swift; sourceTree = "<group>"; };
		F88862B729875C420000B0E9 /* PurchaseDataModel.swift */ = {isa = PBXFileReference; lastKnownFileType = sourcecode.swift; path = PurchaseDataModel.swift; sourceTree = "<group>"; };
		F8E5520E2990E75000F9E367 /* FirebaseSharedInstance.framework */ = {isa = PBXFileReference; explicitFileType = wrapper.framework; path = FirebaseSharedInstance.framework; sourceTree = BUILT_PRODUCTS_DIR; };
		F8F64D8528BFC74B00CD55FE /* Persistence.framework */ = {isa = PBXFileReference; explicitFileType = wrapper.framework; includeInIndex = 0; path = Persistence.framework; sourceTree = BUILT_PRODUCTS_DIR; };
		F8F64D8D28BFC74B00CD55FE /* PersistenceTests.xctest */ = {isa = PBXFileReference; explicitFileType = wrapper.cfbundle; includeInIndex = 0; path = PersistenceTests.xctest; sourceTree = BUILT_PRODUCTS_DIR; };
		F8F64D9228BFC74B00CD55FE /* PersistenceTests.swift */ = {isa = PBXFileReference; lastKnownFileType = sourcecode.swift; path = PersistenceTests.swift; sourceTree = "<group>"; };
/* End PBXFileReference section */

/* Begin PBXFrameworksBuildPhase section */
		F8F64D8228BFC74B00CD55FE /* Frameworks */ = {
			isa = PBXFrameworksBuildPhase;
			buildActionMask = 2147483647;
			files = (
				F858F7B12998583700EDC251 /* FirebaseFirestore in Frameworks */,
				F858F7BD29985D6D00EDC251 /* FirebaseAuth in Frameworks */,
				F8596F1528BFD3710029804E /* Core.framework in Frameworks */,
				F858F7BB29985BCB00EDC251 /* FirebaseFirestoreSwift in Frameworks */,
				F858F7E72998F5BA00EDC251 /* libFirestoreInstance.a in Frameworks */,
			);
			runOnlyForDeploymentPostprocessing = 0;
		};
		F8F64D8A28BFC74B00CD55FE /* Frameworks */ = {
			isa = PBXFrameworksBuildPhase;
			buildActionMask = 2147483647;
			files = (
				F8F64D8E28BFC74B00CD55FE /* Persistence.framework in Frameworks */,
			);
			runOnlyForDeploymentPostprocessing = 0;
		};
/* End PBXFrameworksBuildPhase section */

/* Begin PBXGroup section */
		F847F142296F53F4009D9FA1 /* Period */ = {
			isa = PBXGroup;
			children = (
				F847F143296F5403009D9FA1 /* PeriodRepository.swift */,
				F847F145296F55B2009D9FA1 /* PeriodDataModel.swift */,
			);
			path = Period;
			sourceTree = "<group>";
		};
		F861667A29B33F2B00526A17 /* Tag */ = {
			isa = PBXGroup;
			children = (
				F861668529B3537F00526A17 /* TagRepository.swift */,
				F861667B29B33F5000526A17 /* TagDataModel.swift */,
			);
			path = Tag;
			sourceTree = "<group>";
		};
		F88862B429875C220000B0E9 /* Purchase */ = {
			isa = PBXGroup;
			children = (
				F88862B529875C330000B0E9 /* PurchaseRepository.swift */,
				F88862B729875C420000B0E9 /* PurchaseDataModel.swift */,
			);
			path = Purchase;
			sourceTree = "<group>";
		};
		F8F64D7B28BFC74B00CD55FE = {
			isa = PBXGroup;
			children = (
				F8F64D8728BFC74B00CD55FE /* Persistence */,
				F8F64D9128BFC74B00CD55FE /* PersistenceTests */,
				F8F64D8628BFC74B00CD55FE /* Products */,
				F8F64DB028BFC85700CD55FE /* Frameworks */,
			);
			sourceTree = "<group>";
		};
		F8F64D8628BFC74B00CD55FE /* Products */ = {
			isa = PBXGroup;
			children = (
				F8F64D8528BFC74B00CD55FE /* Persistence.framework */,
				F8F64D8D28BFC74B00CD55FE /* PersistenceTests.xctest */,
			);
			name = Products;
			sourceTree = "<group>";
		};
		F8F64D8728BFC74B00CD55FE /* Persistence */ = {
			isa = PBXGroup;
			children = (
				F847F142296F53F4009D9FA1 /* Period */,
				F88862B429875C220000B0E9 /* Purchase */,
				F861667A29B33F2B00526A17 /* Tag */,
			);
			path = Persistence;
			sourceTree = "<group>";
		};
		F8F64D9128BFC74B00CD55FE /* PersistenceTests */ = {
			isa = PBXGroup;
			children = (
				F8F64D9228BFC74B00CD55FE /* PersistenceTests.swift */,
			);
			path = PersistenceTests;
			sourceTree = "<group>";
		};
		F8F64DB028BFC85700CD55FE /* Frameworks */ = {
			isa = PBXGroup;
			children = (
				F858F7E62998F5BA00EDC251 /* libFirestoreInstance.a */,
				F8E5520E2990E75000F9E367 /* FirebaseSharedInstance.framework */,
				F8596F1428BFD3710029804E /* Core.framework */,
			);
			name = Frameworks;
			sourceTree = "<group>";
		};
/* End PBXGroup section */

/* Begin PBXHeadersBuildPhase section */
		F8F64D8028BFC74B00CD55FE /* Headers */ = {
			isa = PBXHeadersBuildPhase;
			buildActionMask = 2147483647;
			files = (
			);
			runOnlyForDeploymentPostprocessing = 0;
		};
/* End PBXHeadersBuildPhase section */

/* Begin PBXNativeTarget section */
		F8F64D8428BFC74B00CD55FE /* Persistence */ = {
			isa = PBXNativeTarget;
			buildConfigurationList = F8F64D9728BFC74B00CD55FE /* Build configuration list for PBXNativeTarget "Persistence" */;
			buildPhases = (
				F8F64D8028BFC74B00CD55FE /* Headers */,
				F8F64D8128BFC74B00CD55FE /* Sources */,
				F8F64D8228BFC74B00CD55FE /* Frameworks */,
				F8F64D8328BFC74B00CD55FE /* Resources */,
				F8F64DB428BFC85700CD55FE /* Embed Frameworks */,
			);
			buildRules = (
			);
			dependencies = (
			);
			name = Persistence;
			packageProductDependencies = (
				F858F7B02998583700EDC251 /* FirebaseFirestore */,
				F858F7BA29985BCB00EDC251 /* FirebaseFirestoreSwift */,
				F858F7BC29985D6D00EDC251 /* FirebaseAuth */,
			);
			productName = Persistence;
			productReference = F8F64D8528BFC74B00CD55FE /* Persistence.framework */;
			productType = "com.apple.product-type.framework";
		};
		F8F64D8C28BFC74B00CD55FE /* PersistenceTests */ = {
			isa = PBXNativeTarget;
			buildConfigurationList = F8F64D9A28BFC74B00CD55FE /* Build configuration list for PBXNativeTarget "PersistenceTests" */;
			buildPhases = (
				F8F64D8928BFC74B00CD55FE /* Sources */,
				F8F64D8A28BFC74B00CD55FE /* Frameworks */,
				F8F64D8B28BFC74B00CD55FE /* Resources */,
			);
			buildRules = (
			);
			dependencies = (
				F8F64D9028BFC74B00CD55FE /* PBXTargetDependency */,
			);
			name = PersistenceTests;
			productName = PersistenceTests;
			productReference = F8F64D8D28BFC74B00CD55FE /* PersistenceTests.xctest */;
			productType = "com.apple.product-type.bundle.unit-test";
		};
/* End PBXNativeTarget section */

/* Begin PBXProject section */
		F8F64D7C28BFC74B00CD55FE /* Project object */ = {
			isa = PBXProject;
			attributes = {
				BuildIndependentTargetsInParallel = 1;
				LastSwiftUpdateCheck = 1340;
				LastUpgradeCheck = 1340;
				TargetAttributes = {
					F8F64D8428BFC74B00CD55FE = {
						CreatedOnToolsVersion = 13.4.1;
					};
					F8F64D8C28BFC74B00CD55FE = {
						CreatedOnToolsVersion = 13.4.1;
					};
				};
			};
			buildConfigurationList = F8F64D7F28BFC74B00CD55FE /* Build configuration list for PBXProject "Persistence" */;
			compatibilityVersion = "Xcode 13.0";
			developmentRegion = en;
			hasScannedForEncodings = 0;
			knownRegions = (
				en,
				Base,
			);
			mainGroup = F8F64D7B28BFC74B00CD55FE;
			packageReferences = (
				F8E551E82990399000F9E367 /* XCRemoteSwiftPackageReference "firebase-ios-sdk" */,
			);
			productRefGroup = F8F64D8628BFC74B00CD55FE /* Products */;
			projectDirPath = "";
			projectRoot = "";
			targets = (
				F8F64D8428BFC74B00CD55FE /* Persistence */,
				F8F64D8C28BFC74B00CD55FE /* PersistenceTests */,
			);
		};
/* End PBXProject section */

/* Begin PBXResourcesBuildPhase section */
		F8F64D8328BFC74B00CD55FE /* Resources */ = {
			isa = PBXResourcesBuildPhase;
			buildActionMask = 2147483647;
			files = (
			);
			runOnlyForDeploymentPostprocessing = 0;
		};
		F8F64D8B28BFC74B00CD55FE /* Resources */ = {
			isa = PBXResourcesBuildPhase;
			buildActionMask = 2147483647;
			files = (
			);
			runOnlyForDeploymentPostprocessing = 0;
		};
/* End PBXResourcesBuildPhase section */

/* Begin PBXSourcesBuildPhase section */
		F8F64D8128BFC74B00CD55FE /* Sources */ = {
			isa = PBXSourcesBuildPhase;
			buildActionMask = 2147483647;
			files = (
				F847F146296F55B2009D9FA1 /* PeriodDataModel.swift in Sources */,
				F88862B829875C420000B0E9 /* PurchaseDataModel.swift in Sources */,
				F847F144296F5403009D9FA1 /* PeriodRepository.swift in Sources */,
				F861668629B3537F00526A17 /* TagRepository.swift in Sources */,
				F88862B629875C330000B0E9 /* PurchaseRepository.swift in Sources */,
				F861667C29B33F5000526A17 /* TagDataModel.swift in Sources */,
			);
			runOnlyForDeploymentPostprocessing = 0;
		};
		F8F64D8928BFC74B00CD55FE /* Sources */ = {
			isa = PBXSourcesBuildPhase;
			buildActionMask = 2147483647;
			files = (
				F8F64D9328BFC74B00CD55FE /* PersistenceTests.swift in Sources */,
			);
			runOnlyForDeploymentPostprocessing = 0;
		};
/* End PBXSourcesBuildPhase section */

/* Begin PBXTargetDependency section */
		F8F64D9028BFC74B00CD55FE /* PBXTargetDependency */ = {
			isa = PBXTargetDependency;
			target = F8F64D8428BFC74B00CD55FE /* Persistence */;
			targetProxy = F8F64D8F28BFC74B00CD55FE /* PBXContainerItemProxy */;
		};
/* End PBXTargetDependency section */

/* Begin XCBuildConfiguration section */
		F8F64D9528BFC74B00CD55FE /* Debug */ = {
			isa = XCBuildConfiguration;
			buildSettings = {
				ALWAYS_SEARCH_USER_PATHS = NO;
				CLANG_ANALYZER_NONNULL = YES;
				CLANG_ANALYZER_NUMBER_OBJECT_CONVERSION = YES_AGGRESSIVE;
				CLANG_CXX_LANGUAGE_STANDARD = "gnu++17";
				CLANG_ENABLE_MODULES = YES;
				CLANG_ENABLE_OBJC_ARC = YES;
				CLANG_ENABLE_OBJC_WEAK = YES;
				CLANG_WARN_BLOCK_CAPTURE_AUTORELEASING = YES;
				CLANG_WARN_BOOL_CONVERSION = YES;
				CLANG_WARN_COMMA = YES;
				CLANG_WARN_CONSTANT_CONVERSION = YES;
				CLANG_WARN_DEPRECATED_OBJC_IMPLEMENTATIONS = YES;
				CLANG_WARN_DIRECT_OBJC_ISA_USAGE = YES_ERROR;
				CLANG_WARN_DOCUMENTATION_COMMENTS = YES;
				CLANG_WARN_EMPTY_BODY = YES;
				CLANG_WARN_ENUM_CONVERSION = YES;
				CLANG_WARN_INFINITE_RECURSION = YES;
				CLANG_WARN_INT_CONVERSION = YES;
				CLANG_WARN_NON_LITERAL_NULL_CONVERSION = YES;
				CLANG_WARN_OBJC_IMPLICIT_RETAIN_SELF = YES;
				CLANG_WARN_OBJC_LITERAL_CONVERSION = YES;
				CLANG_WARN_OBJC_ROOT_CLASS = YES_ERROR;
				CLANG_WARN_QUOTED_INCLUDE_IN_FRAMEWORK_HEADER = YES;
				CLANG_WARN_RANGE_LOOP_ANALYSIS = YES;
				CLANG_WARN_STRICT_PROTOTYPES = YES;
				CLANG_WARN_SUSPICIOUS_MOVE = YES;
				CLANG_WARN_UNGUARDED_AVAILABILITY = YES_AGGRESSIVE;
				CLANG_WARN_UNREACHABLE_CODE = YES;
				CLANG_WARN__DUPLICATE_METHOD_MATCH = YES;
				COPY_PHASE_STRIP = NO;
				CURRENT_PROJECT_VERSION = 1;
				DEBUG_INFORMATION_FORMAT = dwarf;
				ENABLE_STRICT_OBJC_MSGSEND = YES;
				ENABLE_TESTABILITY = YES;
				GCC_C_LANGUAGE_STANDARD = gnu11;
				GCC_DYNAMIC_NO_PIC = NO;
				GCC_NO_COMMON_BLOCKS = YES;
				GCC_OPTIMIZATION_LEVEL = 0;
				GCC_PREPROCESSOR_DEFINITIONS = (
					"DEBUG=1",
					"$(inherited)",
				);
				GCC_WARN_64_TO_32_BIT_CONVERSION = YES;
				GCC_WARN_ABOUT_RETURN_TYPE = YES_ERROR;
				GCC_WARN_UNDECLARED_SELECTOR = YES;
				GCC_WARN_UNINITIALIZED_AUTOS = YES_AGGRESSIVE;
				GCC_WARN_UNUSED_FUNCTION = YES;
				GCC_WARN_UNUSED_VARIABLE = YES;
				IPHONEOS_DEPLOYMENT_TARGET = 15.5;
				MTL_ENABLE_DEBUG_INFO = INCLUDE_SOURCE;
				MTL_FAST_MATH = YES;
				ONLY_ACTIVE_ARCH = YES;
				SDKROOT = iphoneos;
				SWIFT_ACTIVE_COMPILATION_CONDITIONS = DEBUG;
				SWIFT_OPTIMIZATION_LEVEL = "-Onone";
				VERSIONING_SYSTEM = "apple-generic";
				VERSION_INFO_PREFIX = "";
			};
			name = Debug;
		};
		F8F64D9628BFC74B00CD55FE /* Release */ = {
			isa = XCBuildConfiguration;
			buildSettings = {
				ALWAYS_SEARCH_USER_PATHS = NO;
				CLANG_ANALYZER_NONNULL = YES;
				CLANG_ANALYZER_NUMBER_OBJECT_CONVERSION = YES_AGGRESSIVE;
				CLANG_CXX_LANGUAGE_STANDARD = "gnu++17";
				CLANG_ENABLE_MODULES = YES;
				CLANG_ENABLE_OBJC_ARC = YES;
				CLANG_ENABLE_OBJC_WEAK = YES;
				CLANG_WARN_BLOCK_CAPTURE_AUTORELEASING = YES;
				CLANG_WARN_BOOL_CONVERSION = YES;
				CLANG_WARN_COMMA = YES;
				CLANG_WARN_CONSTANT_CONVERSION = YES;
				CLANG_WARN_DEPRECATED_OBJC_IMPLEMENTATIONS = YES;
				CLANG_WARN_DIRECT_OBJC_ISA_USAGE = YES_ERROR;
				CLANG_WARN_DOCUMENTATION_COMMENTS = YES;
				CLANG_WARN_EMPTY_BODY = YES;
				CLANG_WARN_ENUM_CONVERSION = YES;
				CLANG_WARN_INFINITE_RECURSION = YES;
				CLANG_WARN_INT_CONVERSION = YES;
				CLANG_WARN_NON_LITERAL_NULL_CONVERSION = YES;
				CLANG_WARN_OBJC_IMPLICIT_RETAIN_SELF = YES;
				CLANG_WARN_OBJC_LITERAL_CONVERSION = YES;
				CLANG_WARN_OBJC_ROOT_CLASS = YES_ERROR;
				CLANG_WARN_QUOTED_INCLUDE_IN_FRAMEWORK_HEADER = YES;
				CLANG_WARN_RANGE_LOOP_ANALYSIS = YES;
				CLANG_WARN_STRICT_PROTOTYPES = YES;
				CLANG_WARN_SUSPICIOUS_MOVE = YES;
				CLANG_WARN_UNGUARDED_AVAILABILITY = YES_AGGRESSIVE;
				CLANG_WARN_UNREACHABLE_CODE = YES;
				CLANG_WARN__DUPLICATE_METHOD_MATCH = YES;
				COPY_PHASE_STRIP = NO;
				CURRENT_PROJECT_VERSION = 1;
				DEBUG_INFORMATION_FORMAT = "dwarf-with-dsym";
				ENABLE_NS_ASSERTIONS = NO;
				ENABLE_STRICT_OBJC_MSGSEND = YES;
				GCC_C_LANGUAGE_STANDARD = gnu11;
				GCC_NO_COMMON_BLOCKS = YES;
				GCC_WARN_64_TO_32_BIT_CONVERSION = YES;
				GCC_WARN_ABOUT_RETURN_TYPE = YES_ERROR;
				GCC_WARN_UNDECLARED_SELECTOR = YES;
				GCC_WARN_UNINITIALIZED_AUTOS = YES_AGGRESSIVE;
				GCC_WARN_UNUSED_FUNCTION = YES;
				GCC_WARN_UNUSED_VARIABLE = YES;
				IPHONEOS_DEPLOYMENT_TARGET = 15.5;
				MTL_ENABLE_DEBUG_INFO = NO;
				MTL_FAST_MATH = YES;
				SDKROOT = iphoneos;
				SWIFT_COMPILATION_MODE = wholemodule;
				SWIFT_OPTIMIZATION_LEVEL = "-O";
				VALIDATE_PRODUCT = YES;
				VERSIONING_SYSTEM = "apple-generic";
				VERSION_INFO_PREFIX = "";
			};
			name = Release;
		};
		F8F64D9828BFC74B00CD55FE /* Debug */ = {
			isa = XCBuildConfiguration;
			buildSettings = {
				CODE_SIGN_STYLE = Automatic;
				CURRENT_PROJECT_VERSION = 1;
				DEFINES_MODULE = YES;
				DEVELOPMENT_TEAM = AZG82D2WT4;
				DYLIB_COMPATIBILITY_VERSION = 1;
				DYLIB_CURRENT_VERSION = 1;
				DYLIB_INSTALL_NAME_BASE = "@rpath";
				GENERATE_INFOPLIST_FILE = YES;
				INFOPLIST_KEY_NSHumanReadableCopyright = "";
				INSTALL_PATH = "$(LOCAL_LIBRARY_DIR)/Frameworks";
				IPHONEOS_DEPLOYMENT_TARGET = 16.2;
				LD_RUNPATH_SEARCH_PATHS = (
					"$(inherited)",
					"@executable_path/Frameworks",
					"@loader_path/Frameworks",
				);
				MACOSX_DEPLOYMENT_TARGET = 13.0;
				MARKETING_VERSION = 1.0;
				PRODUCT_BUNDLE_IDENTIFIER = no.lageng.speedfriends.Persistence;
				PRODUCT_NAME = "$(TARGET_NAME:c99extidentifier)";
				SKIP_INSTALL = YES;
				SUPPORTED_PLATFORMS = "iphoneos iphonesimulator macosx";
				SUPPORTS_MACCATALYST = YES;
				SUPPORTS_MAC_DESIGNED_FOR_IPHONE_IPAD = YES;
				SWIFT_EMIT_LOC_STRINGS = YES;
				SWIFT_VERSION = 5.0;
				TARGETED_DEVICE_FAMILY = "1,2";
			};
			name = Debug;
		};
		F8F64D9928BFC74B00CD55FE /* Release */ = {
			isa = XCBuildConfiguration;
			buildSettings = {
				CODE_SIGN_STYLE = Automatic;
				CURRENT_PROJECT_VERSION = 1;
				DEFINES_MODULE = YES;
				DEVELOPMENT_TEAM = AZG82D2WT4;
				DYLIB_COMPATIBILITY_VERSION = 1;
				DYLIB_CURRENT_VERSION = 1;
				DYLIB_INSTALL_NAME_BASE = "@rpath";
				GENERATE_INFOPLIST_FILE = YES;
				INFOPLIST_KEY_NSHumanReadableCopyright = "";
				INSTALL_PATH = "$(LOCAL_LIBRARY_DIR)/Frameworks";
				IPHONEOS_DEPLOYMENT_TARGET = 16.2;
				LD_RUNPATH_SEARCH_PATHS = (
					"$(inherited)",
					"@executable_path/Frameworks",
					"@loader_path/Frameworks",
				);
				MACOSX_DEPLOYMENT_TARGET = 13.0;
				MARKETING_VERSION = 1.0;
				PRODUCT_BUNDLE_IDENTIFIER = no.lageng.speedfriends.Persistence;
				PRODUCT_NAME = "$(TARGET_NAME:c99extidentifier)";
				SKIP_INSTALL = YES;
				SUPPORTED_PLATFORMS = "iphoneos iphonesimulator macosx";
				SUPPORTS_MACCATALYST = YES;
				SUPPORTS_MAC_DESIGNED_FOR_IPHONE_IPAD = YES;
				SWIFT_EMIT_LOC_STRINGS = YES;
				SWIFT_VERSION = 5.0;
				TARGETED_DEVICE_FAMILY = "1,2";
			};
			name = Release;
		};
		F8F64D9B28BFC74B00CD55FE /* Debug */ = {
			isa = XCBuildConfiguration;
			buildSettings = {
				ALWAYS_EMBED_SWIFT_STANDARD_LIBRARIES = YES;
				CODE_SIGN_STYLE = Automatic;
				CURRENT_PROJECT_VERSION = 1;
				DEVELOPMENT_TEAM = AZG82D2WT4;
				GENERATE_INFOPLIST_FILE = YES;
				MARKETING_VERSION = 1.0;
				PRODUCT_BUNDLE_IDENTIFIER = no.lageng.speedfriends.PersistenceTests;
				PRODUCT_NAME = "$(TARGET_NAME)";
				SWIFT_EMIT_LOC_STRINGS = NO;
				SWIFT_VERSION = 5.0;
				TARGETED_DEVICE_FAMILY = "1,2";
			};
			name = Debug;
		};
		F8F64D9C28BFC74B00CD55FE /* Release */ = {
			isa = XCBuildConfiguration;
			buildSettings = {
				ALWAYS_EMBED_SWIFT_STANDARD_LIBRARIES = YES;
				CODE_SIGN_STYLE = Automatic;
				CURRENT_PROJECT_VERSION = 1;
				DEVELOPMENT_TEAM = AZG82D2WT4;
				GENERATE_INFOPLIST_FILE = YES;
				MARKETING_VERSION = 1.0;
				PRODUCT_BUNDLE_IDENTIFIER = no.lageng.speedfriends.PersistenceTests;
				PRODUCT_NAME = "$(TARGET_NAME)";
				SWIFT_EMIT_LOC_STRINGS = NO;
				SWIFT_VERSION = 5.0;
				TARGETED_DEVICE_FAMILY = "1,2";
			};
			name = Release;
		};
/* End XCBuildConfiguration section */

/* Begin XCConfigurationList section */
		F8F64D7F28BFC74B00CD55FE /* Build configuration list for PBXProject "Persistence" */ = {
			isa = XCConfigurationList;
			buildConfigurations = (
				F8F64D9528BFC74B00CD55FE /* Debug */,
				F8F64D9628BFC74B00CD55FE /* Release */,
			);
			defaultConfigurationIsVisible = 0;
			defaultConfigurationName = Release;
		};
		F8F64D9728BFC74B00CD55FE /* Build configuration list for PBXNativeTarget "Persistence" */ = {
			isa = XCConfigurationList;
			buildConfigurations = (
				F8F64D9828BFC74B00CD55FE /* Debug */,
				F8F64D9928BFC74B00CD55FE /* Release */,
			);
			defaultConfigurationIsVisible = 0;
			defaultConfigurationName = Release;
		};
		F8F64D9A28BFC74B00CD55FE /* Build configuration list for PBXNativeTarget "PersistenceTests" */ = {
			isa = XCConfigurationList;
			buildConfigurations = (
				F8F64D9B28BFC74B00CD55FE /* Debug */,
				F8F64D9C28BFC74B00CD55FE /* Release */,
			);
			defaultConfigurationIsVisible = 0;
			defaultConfigurationName = Release;
		};
/* End XCConfigurationList section */

/* Begin XCRemoteSwiftPackageReference section */
		F8E551E82990399000F9E367 /* XCRemoteSwiftPackageReference "firebase-ios-sdk" */ = {
			isa = XCRemoteSwiftPackageReference;
			repositoryURL = "https://github.com/firebase/firebase-ios-sdk.git";
			requirement = {
				branch = master;
				kind = branch;
			};
		};
/* End XCRemoteSwiftPackageReference section */

/* Begin XCSwiftPackageProductDependency section */
		F858F7B02998583700EDC251 /* FirebaseFirestore */ = {
			isa = XCSwiftPackageProductDependency;
			package = F8E551E82990399000F9E367 /* XCRemoteSwiftPackageReference "firebase-ios-sdk" */;
			productName = FirebaseFirestore;
		};
		F858F7BA29985BCB00EDC251 /* FirebaseFirestoreSwift */ = {
			isa = XCSwiftPackageProductDependency;
			package = F8E551E82990399000F9E367 /* XCRemoteSwiftPackageReference "firebase-ios-sdk" */;
			productName = FirebaseFirestoreSwift;
		};
		F858F7BC29985D6D00EDC251 /* FirebaseAuth */ = {
			isa = XCSwiftPackageProductDependency;
			package = F8E551E82990399000F9E367 /* XCRemoteSwiftPackageReference "firebase-ios-sdk" */;
			productName = FirebaseAuth;
		};
/* End XCSwiftPackageProductDependency section */
	};
	rootObject = F8F64D7C28BFC74B00CD55FE /* Project object */;
}
